
Microsoft Visual Studio Solution File, Format Version 12.00
# Visual Studio Version 17
VisualStudioVersion = 17.3.32929.385
MinimumVisualStudioVersion = 10.0.40219.1
Project("{2150E333-8FDC-42A3-9474-1A3956D46DE8}") = "src", "src", "{0F50EBD6-43FD-4BC9-BE03-F70AE57B4035}"
EndProject
Project("{2150E333-8FDC-42A3-9474-1A3956D46DE8}") = "tests", "tests", "{C4448513-A6AD-47DE-BD49-4CCCC4F96348}"
EndProject
Project("{9A19103F-16F7-4668-BE54-9A1E7A4F7556}") = "RDM.Webservice.ImageViewerAPI", "src\RDM.Webservice.ImageViewerAPI\RDM.Webservice.ImageViewerAPI.csproj", "{69580D97-47DF-41A6-9D78-0F8AC2046001}"
EndProject
Project("{9A19103F-16F7-4668-BE54-9A1E7A4F7556}") = "RDM.Services.ImageViewerAPI", "src\RDM.Services.ImageViewerAPI\RDM.Services.ImageViewerAPI.csproj", "{1AD444C1-69E0-416E-A492-57BD516DB6E5}"
EndProject
Project("{9A19103F-16F7-4668-BE54-9A1E7A4F7556}") = "RDM.Messaging.ImageViewerAPI", "src\RDM.Messaging.ImageViewerAPI\RDM.Messaging.ImageViewerAPI.csproj", "{33CC81CC-8806-4E8E-8CC0-18EAD822D5A7}"
EndProject
Project("{9A19103F-16F7-4668-BE54-9A1E7A4F7556}") = "RDM.Models.ImageViewerAPI", "src\RDM.Models.ImageViewerAPI\RDM.Models.ImageViewerAPI.csproj", "{DBEE7DC3-9168-4F1F-9EF4-E4E56954A40E}"
EndProject
Project("{9A19103F-16F7-4668-BE54-9A1E7A4F7556}") = "RDM.Services.ImageViewerAPI.Mock", "src\RDM.Services.ImageViewerAPI.Mock\RDM.Services.ImageViewerAPI.Mock.csproj", "{843CEB6A-7FB2-4D0C-9472-6A2EC917CAD0}"
EndProject
Project("{9A19103F-16F7-4668-BE54-9A1E7A4F7556}") = "RDM.Webservice.ImageViewerAPI.Tests", "tests\RDM.Webservice.ImageViewerAPI.Tests\RDM.Webservice.ImageViewerAPI.Tests.csproj", "{6AE5A7AF-DD09-42F3-81F7-4D3C895A8EBC}"
EndProject
Project("{9A19103F-16F7-4668-BE54-9A1E7A4F7556}") = "RDM.Services.ImageViewerAPI.Tests", "tests\RDM.Services.ImageViewerAPI.Tests\RDM.Services.ImageViewerAPI.Tests.csproj", "{D5EC6E97-F0B7-4A79-A921-F599742AA0F0}"
EndProject
Project("{9A19103F-16F7-4668-BE54-9A1E7A4F7556}") = "RDM.Models.ImageViewerAPI.Tests", "tests\RDM.Models.ImageViewerAPI.Tests\RDM.Models.ImageViewerAPI.Tests.csproj", "{62BD5BEE-11FA-47F5-8A86-D1AE9CE5CFEB}"
EndProject
Project("{9A19103F-16F7-4668-BE54-9A1E7A4F7556}") = "RDM.Messaging.ImageViewerAPI.Tests", "tests\RDM.Messaging.ImageViewerAPI.Tests\RDM.Messaging.ImageViewerAPI.Tests.csproj", "{CBF858CD-6DF8-418D-8AE3-924476471B79}"
EndProject
Project("{9A19103F-16F7-4668-BE54-9A1E7A4F7556}") = "RDM.Maps.ImageViewerAPI.Tests", "tests\RDM.Maps.ImageViewerAPI.Tests\RDM.Maps.ImageViewerAPI.Tests.csproj", "{FAAB6FB7-6863-4456-85AB-D033BB582B7F}"
EndProject
Project("{9A19103F-16F7-4668-BE54-9A1E7A4F7556}") = "RDM.Maps.ImageViewerAPI", "src\RDM.Maps.ImageViewerAPI\RDM.Maps.ImageViewerAPI.csproj", "{2C1B27C2-A907-4313-A3D5-763BA04E3C62}"
EndProject
Project("{9A19103F-16F7-4668-BE54-9A1E7A4F7556}") = "RDM.DataTransferObjects.ImageViewerAPI", "src\RDM.DataTransferObjects.ImageViewerAPI\RDM.DataTransferObjects.ImageViewerAPI.csproj", "{529F17A4-4413-4BE9-8316-2C37BC2A4FB3}"
EndProject
Project("{9A19103F-16F7-4668-BE54-9A1E7A4F7556}") = "RDM.DataTransferObjects.ImageViewerAPI.Tests", "tests\RDM.DataTransferObjects.ImageViewerAPI.Tests\RDM.DataTransferObjects.ImageViewerAPI.Tests.csproj", "{F2E63F70-2711-4D7A-8999-510947047B28}"
EndProject
Project("{9A19103F-16F7-4668-BE54-9A1E7A4F7556}") = "RDM.Data.ImageViewer.SqlServer", "src\RDM.Data.ImageViewer.SqlServer\RDM.Data.ImageViewer.SqlServer.csproj", "{AA2BEFCB-E808-4502-8C90-A1677E1978A2}"
EndProject
Project("{9A19103F-16F7-4668-BE54-9A1E7A4F7556}") = "RDM.Data.ImageViewer", "src\RDM.Data.ImageViewer\RDM.Data.ImageViewer.csproj", "{A8DB0A78-7A7F-4FF1-AEAE-59B5C318E82F}"
EndProject
Global
	GlobalSection(SolutionConfigurationPlatforms) = preSolution
		Debug|Any CPU = Debug|Any CPU
		Release|Any CPU = Release|Any CPU
	EndGlobalSection
	GlobalSection(ProjectConfigurationPlatforms) = postSolution
		{69580D97-47DF-41A6-9D78-0F8AC2046001}.Debug|Any CPU.ActiveCfg = Debug|Any CPU
		{69580D97-47DF-41A6-9D78-0F8AC2046001}.Debug|Any CPU.Build.0 = Debug|Any CPU
		{69580D97-47DF-41A6-9D78-0F8AC2046001}.Release|Any CPU.ActiveCfg = Release|Any CPU
		{69580D97-47DF-41A6-9D78-0F8AC2046001}.Release|Any CPU.Build.0 = Release|Any CPU
		{1AD444C1-69E0-416E-A492-57BD516DB6E5}.Debug|Any CPU.ActiveCfg = Debug|Any CPU
		{1AD444C1-69E0-416E-A492-57BD516DB6E5}.Debug|Any CPU.Build.0 = Debug|Any CPU
		{1AD444C1-69E0-416E-A492-57BD516DB6E5}.Release|Any CPU.ActiveCfg = Release|Any CPU
		{1AD444C1-69E0-416E-A492-57BD516DB6E5}.Release|Any CPU.Build.0 = Release|Any CPU
		{33CC81CC-8806-4E8E-8CC0-18EAD822D5A7}.Debug|Any CPU.ActiveCfg = Debug|Any CPU
		{33CC81CC-8806-4E8E-8CC0-18EAD822D5A7}.Debug|Any CPU.Build.0 = Debug|Any CPU
		{33CC81CC-8806-4E8E-8CC0-18EAD822D5A7}.Release|Any CPU.ActiveCfg = Release|Any CPU
		{33CC81CC-8806-4E8E-8CC0-18EAD822D5A7}.Release|Any CPU.Build.0 = Release|Any CPU
		{DBEE7DC3-9168-4F1F-9EF4-E4E56954A40E}.Debug|Any CPU.ActiveCfg = Debug|Any CPU
		{DBEE7DC3-9168-4F1F-9EF4-E4E56954A40E}.Debug|Any CPU.Build.0 = Debug|Any CPU
		{DBEE7DC3-9168-4F1F-9EF4-E4E56954A40E}.Release|Any CPU.ActiveCfg = Release|Any CPU
		{DBEE7DC3-9168-4F1F-9EF4-E4E56954A40E}.Release|Any CPU.Build.0 = Release|Any CPU
		{843CEB6A-7FB2-4D0C-9472-6A2EC917CAD0}.Debug|Any CPU.ActiveCfg = Debug|Any CPU
		{843CEB6A-7FB2-4D0C-9472-6A2EC917CAD0}.Debug|Any CPU.Build.0 = Debug|Any CPU
		{843CEB6A-7FB2-4D0C-9472-6A2EC917CAD0}.Release|Any CPU.ActiveCfg = Release|Any CPU
		{843CEB6A-7FB2-4D0C-9472-6A2EC917CAD0}.Release|Any CPU.Build.0 = Release|Any CPU
		{6AE5A7AF-DD09-42F3-81F7-4D3C895A8EBC}.Debug|Any CPU.ActiveCfg = Debug|Any CPU
		{6AE5A7AF-DD09-42F3-81F7-4D3C895A8EBC}.Debug|Any CPU.Build.0 = Debug|Any CPU
		{6AE5A7AF-DD09-42F3-81F7-4D3C895A8EBC}.Release|Any CPU.ActiveCfg = Release|Any CPU
		{6AE5A7AF-DD09-42F3-81F7-4D3C895A8EBC}.Release|Any CPU.Build.0 = Release|Any CPU
		{D5EC6E97-F0B7-4A79-A921-F599742AA0F0}.Debug|Any CPU.ActiveCfg = Debug|Any CPU
		{D5EC6E97-F0B7-4A79-A921-F599742AA0F0}.Debug|Any CPU.Build.0 = Debug|Any CPU
		{D5EC6E97-F0B7-4A79-A921-F599742AA0F0}.Release|Any CPU.ActiveCfg = Release|Any CPU
		{D5EC6E97-F0B7-4A79-A921-F599742AA0F0}.Release|Any CPU.Build.0 = Release|Any CPU
		{62BD5BEE-11FA-47F5-8A86-D1AE9CE5CFEB}.Debug|Any CPU.ActiveCfg = Debug|Any CPU
		{62BD5BEE-11FA-47F5-8A86-D1AE9CE5CFEB}.Debug|Any CPU.Build.0 = Debug|Any CPU
		{62BD5BEE-11FA-47F5-8A86-D1AE9CE5CFEB}.Release|Any CPU.ActiveCfg = Release|Any CPU
		{62BD5BEE-11FA-47F5-8A86-D1AE9CE5CFEB}.Release|Any CPU.Build.0 = Release|Any CPU
		{CBF858CD-6DF8-418D-8AE3-924476471B79}.Debug|Any CPU.ActiveCfg = Debug|Any CPU
		{CBF858CD-6DF8-418D-8AE3-924476471B79}.Debug|Any CPU.Build.0 = Debug|Any CPU
		{CBF858CD-6DF8-418D-8AE3-924476471B79}.Release|Any CPU.ActiveCfg = Release|Any CPU
		{CBF858CD-6DF8-418D-8AE3-924476471B79}.Release|Any CPU.Build.0 = Release|Any CPU
		{FAAB6FB7-6863-4456-85AB-D033BB582B7F}.Debug|Any CPU.ActiveCfg = Debug|Any CPU
		{FAAB6FB7-6863-4456-85AB-D033BB582B7F}.Debug|Any CPU.Build.0 = Debug|Any CPU
		{FAAB6FB7-6863-4456-85AB-D033BB582B7F}.Release|Any CPU.ActiveCfg = Release|Any CPU
		{FAAB6FB7-6863-4456-85AB-D033BB582B7F}.Release|Any CPU.Build.0 = Release|Any CPU
		{2C1B27C2-A907-4313-A3D5-763BA04E3C62}.Debug|Any CPU.ActiveCfg = Debug|Any CPU
		{2C1B27C2-A907-4313-A3D5-763BA04E3C62}.Debug|Any CPU.Build.0 = Debug|Any CPU
		{2C1B27C2-A907-4313-A3D5-763BA04E3C62}.Release|Any CPU.ActiveCfg = Release|Any CPU
		{2C1B27C2-A907-4313-A3D5-763BA04E3C62}.Release|Any CPU.Build.0 = Release|Any CPU
		{529F17A4-4413-4BE9-8316-2C37BC2A4FB3}.Debug|Any CPU.ActiveCfg = Debug|Any CPU
		{529F17A4-4413-4BE9-8316-2C37BC2A4FB3}.Debug|Any CPU.Build.0 = Debug|Any CPU
		{529F17A4-4413-4BE9-8316-2C37BC2A4FB3}.Release|Any CPU.ActiveCfg = Release|Any CPU
		{529F17A4-4413-4BE9-8316-2C37BC2A4FB3}.Release|Any CPU.Build.0 = Release|Any CPU
		{F2E63F70-2711-4D7A-8999-510947047B28}.Debug|Any CPU.ActiveCfg = Debug|Any CPU
		{F2E63F70-2711-4D7A-8999-510947047B28}.Debug|Any CPU.Build.0 = Debug|Any CPU
		{F2E63F70-2711-4D7A-8999-510947047B28}.Release|Any CPU.ActiveCfg = Release|Any CPU
		{F2E63F70-2711-4D7A-8999-510947047B28}.Release|Any CPU.Build.0 = Release|Any CPU
		{AA2BEFCB-E808-4502-8C90-A1677E1978A2}.Debug|Any CPU.ActiveCfg = Debug|Any CPU
		{AA2BEFCB-E808-4502-8C90-A1677E1978A2}.Debug|Any CPU.Build.0 = Debug|Any CPU
		{AA2BEFCB-E808-4502-8C90-A1677E1978A2}.Release|Any CPU.ActiveCfg = Release|Any CPU
		{AA2BEFCB-E808-4502-8C90-A1677E1978A2}.Release|Any CPU.Build.0 = Release|Any CPU
		{A8DB0A78-7A7F-4FF1-AEAE-59B5C318E82F}.Debug|Any CPU.ActiveCfg = Debug|Any CPU
		{A8DB0A78-7A7F-4FF1-AEAE-59B5C318E82F}.Debug|Any CPU.Build.0 = Debug|Any CPU
		{A8DB0A78-7A7F-4FF1-AEAE-59B5C318E82F}.Release|Any CPU.ActiveCfg = Release|Any CPU
		{A8DB0A78-7A7F-4FF1-AEAE-59B5C318E82F}.Release|Any CPU.Build.0 = Release|Any CPU
	EndGlobalSection
	GlobalSection(SolutionProperties) = preSolution
		HideSolutionNode = FALSE
	EndGlobalSection
	GlobalSection(NestedProjects) = preSolution
		{69580D97-47DF-41A6-9D78-0F8AC2046001} = {0F50EBD6-43FD-4BC9-BE03-F70AE57B4035}
		{1AD444C1-69E0-416E-A492-57BD516DB6E5} = {0F50EBD6-43FD-4BC9-BE03-F70AE57B4035}
		{33CC81CC-8806-4E8E-8CC0-18EAD822D5A7} = {0F50EBD6-43FD-4BC9-BE03-F70AE57B4035}
		{DBEE7DC3-9168-4F1F-9EF4-E4E56954A40E} = {0F50EBD6-43FD-4BC9-BE03-F70AE57B4035}
		{843CEB6A-7FB2-4D0C-9472-6A2EC917CAD0} = {0F50EBD6-43FD-4BC9-BE03-F70AE57B4035}
		{6AE5A7AF-DD09-42F3-81F7-4D3C895A8EBC} = {C4448513-A6AD-47DE-BD49-4CCCC4F96348}
		{D5EC6E97-F0B7-4A79-A921-F599742AA0F0} = {C4448513-A6AD-47DE-BD49-4CCCC4F96348}
		{62BD5BEE-11FA-47F5-8A86-D1AE9CE5CFEB} = {C4448513-A6AD-47DE-BD49-4CCCC4F96348}
		{CBF858CD-6DF8-418D-8AE3-924476471B79} = {C4448513-A6AD-47DE-BD49-4CCCC4F96348}
		{FAAB6FB7-6863-4456-85AB-D033BB582B7F} = {C4448513-A6AD-47DE-BD49-4CCCC4F96348}
		{2C1B27C2-A907-4313-A3D5-763BA04E3C62} = {0F50EBD6-43FD-4BC9-BE03-F70AE57B4035}
		{529F17A4-4413-4BE9-8316-2C37BC2A4FB3} = {0F50EBD6-43FD-4BC9-BE03-F70AE57B4035}
		{F2E63F70-2711-4D7A-8999-510947047B28} = {C4448513-A6AD-47DE-BD49-4CCCC4F96348}
		{AA2BEFCB-E808-4502-8C90-A1677E1978A2} = {0F50EBD6-43FD-4BC9-BE03-F70AE57B4035}
		{A8DB0A78-7A7F-4FF1-AEAE-59B5C318E82F} = {0F50EBD6-43FD-4BC9-BE03-F70AE57B4035}
	EndGlobalSection
	GlobalSection(ExtensibilityGlobals) = postSolution
		SolutionGuid = {2EFE047E-81E4-4947-A3D1-855C49986878}
	EndGlobalSection
EndGlobal
