
Microsoft Visual Studio Solution File, Format Version 12.00
# Visual Studio Version 17
VisualStudioVersion = 17.3.32929.385
MinimumVisualStudioVersion = 10.0.40219.1
Project("{2150E333-8FDC-42A3-9474-1A3956D46DE8}") = "src", "src", "{8C27BAD3-2621-438F-BE15-8B40E9C8DEB2}"
EndProject
Project("{2150E333-8FDC-42A3-9474-1A3956D46DE8}") = "tests", "tests", "{82DEC806-4A03-4B29-95F0-9CC23367271F}"
EndProject
Project("{9A19103F-16F7-4668-BE54-9A1E7A4F7556}") = "RDM.Data.ImageVault", "src\RDM.Data.ImageVault\RDM.Data.ImageVault.csproj", "{C78F22DD-FF48-4211-96A3-11467D4B5F1A}"
EndProject
Project("{9A19103F-16F7-4668-BE54-9A1E7A4F7556}") = "RDM.Data.ImageVault.SqlServer", "src\RDM.Data.ImageVault.SqlServer\RDM.Data.ImageVault.SqlServer.csproj", "{B6AA30C4-719A-4A6F-B9DF-D8F7158C1A9D}"
EndProject
Project("{9A19103F-16F7-4668-BE54-9A1E7A4F7556}") = "RDM.Services.ImageVault", "src\RDM.Services.ImageVault\RDM.Services.ImageVault.csproj", "{1A5FFAB6-4800-43B4-BEF3-7AB97C92FCC7}"
EndProject
Project("{9A19103F-16F7-4668-BE54-9A1E7A4F7556}") = "RDM.Service.ImageVault", "src\RDM.Service.ImageVault\RDM.Service.ImageVault.csproj", "{F93BA336-CC38-4DE5-A0EE-1D10CAB7B1B7}"
EndProject
Project("{9A19103F-16F7-4668-BE54-9A1E7A4F7556}") = "RDM.Data.ImageVault.SqlServer.Tests", "tests\RDM.Data.ImageVault.SqlServer.Tests\RDM.Data.ImageVault.SqlServer.Tests.csproj", "{69FB8B9E-8818-420B-B1EC-2C819BF125E2}"
EndProject
Project("{9A19103F-16F7-4668-BE54-9A1E7A4F7556}") = "RDM.Services.ImageVault.Tests", "tests\RDM.Services.ImageVault.Tests\RDM.Services.ImageVault.Tests.csproj", "{B0E773B1-9890-42C5-913A-482FC91C2498}"
EndProject
Project("{9A19103F-16F7-4668-BE54-9A1E7A4F7556}") = "RDM.Model.ImageVault", "src\RDM.Model.ImageVault\RDM.Model.ImageVault.csproj", "{E9653691-55B9-4D93-A119-F4036543DCFA}"
EndProject
Project("{9A19103F-16F7-4668-BE54-9A1E7A4F7556}") = "RDM.Messaging.ImageVault", "src\RDM.Messaging.ImageVault\RDM.Messaging.ImageVault.csproj", "{D138C8DD-8294-4D6D-8414-C75507D6FAA2}"
EndProject
Project("{9A19103F-16F7-4668-BE54-9A1E7A4F7556}") = "RDM.Model.ImageVault.Tests", "tests\RDM.Model.ImageVault.Tests\RDM.Model.ImageVault.Tests.csproj", "{A2BB00CC-4007-4A63-A254-4DD436B67BDA}"
EndProject
Project("{9A19103F-16F7-4668-BE54-9A1E7A4F7556}") = "RDM.Messaging.ImageVault.Tests", "tests\RDM.Messaging.ImageVault.Tests\RDM.Messaging.ImageVault.Tests.csproj", "{6DA7D522-92A8-4AB9-8615-0432638F9791}"
EndProject
Project("{9A19103F-16F7-4668-BE54-9A1E7A4F7556}") = "RDM.Client.ImageVault", "src\RDM.Client.ImageVault\RDM.Client.ImageVault.csproj", "{4BA042D1-AE1A-4732-949A-176285C3EE9D}"
EndProject
Project("{9A19103F-16F7-4668-BE54-9A1E7A4F7556}") = "RDM.Client.ImageVault.Tests", "tests\RDM.Client.ImageVault.Tests\RDM.Client.ImageVault.Tests.csproj", "{D36A8163-1561-4956-949D-BF70A8DC1891}"
EndProject
Project("{9A19103F-16F7-4668-BE54-9A1E7A4F7556}") = "RDM.Service.ImageVault.Tests", "tests\RDM.Service.ImageVault.Tests\RDM.Service.ImageVault.Tests.csproj", "{77712799-343D-46AC-83C1-04D086D5E0AA}"
EndProject
Project("{9A19103F-16F7-4668-BE54-9A1E7A4F7556}") = "RDM.GRPC.ImageVault", "src\RDM.GRPC.ImageVault\RDM.GRPC.ImageVault.csproj", "{11E5E90B-F91C-4EC7-8775-B2B05E1515BD}"
EndProject
Project("{9A19103F-16F7-4668-BE54-9A1E7A4F7556}") = "RDM.Imaging", "src\RDM.Imaging\RDM.Imaging.csproj", "{D1008A0C-821F-41C6-9ED2-2C2FDC9DBE35}"
EndProject
Project("{9A19103F-16F7-4668-BE54-9A1E7A4F7556}") = "RDM.Imaging.Tests", "tests\RDM.Imaging.Tests\RDM.Imaging.Tests.csproj", "{8F26060B-330A-4ABE-A925-C88E64740E28}"
EndProject
Global
	GlobalSection(SolutionConfigurationPlatforms) = preSolution
		Debug|Any CPU = Debug|Any CPU
		Release|Any CPU = Release|Any CPU
	EndGlobalSection
	GlobalSection(ProjectConfigurationPlatforms) = postSolution
		{C78F22DD-FF48-4211-96A3-11467D4B5F1A}.Debug|Any CPU.ActiveCfg = Debug|Any CPU
		{C78F22DD-FF48-4211-96A3-11467D4B5F1A}.Debug|Any CPU.Build.0 = Debug|Any CPU
		{C78F22DD-FF48-4211-96A3-11467D4B5F1A}.Release|Any CPU.ActiveCfg = Release|Any CPU
		{C78F22DD-FF48-4211-96A3-11467D4B5F1A}.Release|Any CPU.Build.0 = Release|Any CPU
		{B6AA30C4-719A-4A6F-B9DF-D8F7158C1A9D}.Debug|Any CPU.ActiveCfg = Debug|Any CPU
		{B6AA30C4-719A-4A6F-B9DF-D8F7158C1A9D}.Debug|Any CPU.Build.0 = Debug|Any CPU
		{B6AA30C4-719A-4A6F-B9DF-D8F7158C1A9D}.Release|Any CPU.ActiveCfg = Release|Any CPU
		{B6AA30C4-719A-4A6F-B9DF-D8F7158C1A9D}.Release|Any CPU.Build.0 = Release|Any CPU
		{1A5FFAB6-4800-43B4-BEF3-7AB97C92FCC7}.Debug|Any CPU.ActiveCfg = Debug|Any CPU
		{1A5FFAB6-4800-43B4-BEF3-7AB97C92FCC7}.Debug|Any CPU.Build.0 = Debug|Any CPU
		{1A5FFAB6-4800-43B4-BEF3-7AB97C92FCC7}.Release|Any CPU.ActiveCfg = Release|Any CPU
		{1A5FFAB6-4800-43B4-BEF3-7AB97C92FCC7}.Release|Any CPU.Build.0 = Release|Any CPU
		{F93BA336-CC38-4DE5-A0EE-1D10CAB7B1B7}.Debug|Any CPU.ActiveCfg = Debug|Any CPU
		{F93BA336-CC38-4DE5-A0EE-1D10CAB7B1B7}.Debug|Any CPU.Build.0 = Debug|Any CPU
		{F93BA336-CC38-4DE5-A0EE-1D10CAB7B1B7}.Release|Any CPU.ActiveCfg = Release|Any CPU
		{F93BA336-CC38-4DE5-A0EE-1D10CAB7B1B7}.Release|Any CPU.Build.0 = Release|Any CPU
		{69FB8B9E-8818-420B-B1EC-2C819BF125E2}.Debug|Any CPU.ActiveCfg = Debug|Any CPU
		{69FB8B9E-8818-420B-B1EC-2C819BF125E2}.Debug|Any CPU.Build.0 = Debug|Any CPU
		{69FB8B9E-8818-420B-B1EC-2C819BF125E2}.Release|Any CPU.ActiveCfg = Release|Any CPU
		{69FB8B9E-8818-420B-B1EC-2C819BF125E2}.Release|Any CPU.Build.0 = Release|Any CPU
		{B0E773B1-9890-42C5-913A-482FC91C2498}.Debug|Any CPU.ActiveCfg = Debug|Any CPU
		{B0E773B1-9890-42C5-913A-482FC91C2498}.Debug|Any CPU.Build.0 = Debug|Any CPU
		{B0E773B1-9890-42C5-913A-482FC91C2498}.Release|Any CPU.ActiveCfg = Release|Any CPU
		{B0E773B1-9890-42C5-913A-482FC91C2498}.Release|Any CPU.Build.0 = Release|Any CPU
		{E9653691-55B9-4D93-A119-F4036543DCFA}.Debug|Any CPU.ActiveCfg = Debug|Any CPU
		{E9653691-55B9-4D93-A119-F4036543DCFA}.Debug|Any CPU.Build.0 = Debug|Any CPU
		{E9653691-55B9-4D93-A119-F4036543DCFA}.Release|Any CPU.ActiveCfg = Release|Any CPU
		{E9653691-55B9-4D93-A119-F4036543DCFA}.Release|Any CPU.Build.0 = Release|Any CPU
		{D138C8DD-8294-4D6D-8414-C75507D6FAA2}.Debug|Any CPU.ActiveCfg = Debug|Any CPU
		{D138C8DD-8294-4D6D-8414-C75507D6FAA2}.Debug|Any CPU.Build.0 = Debug|Any CPU
		{D138C8DD-8294-4D6D-8414-C75507D6FAA2}.Release|Any CPU.ActiveCfg = Release|Any CPU
		{D138C8DD-8294-4D6D-8414-C75507D6FAA2}.Release|Any CPU.Build.0 = Release|Any CPU
		{A2BB00CC-4007-4A63-A254-4DD436B67BDA}.Debug|Any CPU.ActiveCfg = Debug|Any CPU
		{A2BB00CC-4007-4A63-A254-4DD436B67BDA}.Debug|Any CPU.Build.0 = Debug|Any CPU
		{A2BB00CC-4007-4A63-A254-4DD436B67BDA}.Release|Any CPU.ActiveCfg = Release|Any CPU
		{A2BB00CC-4007-4A63-A254-4DD436B67BDA}.Release|Any CPU.Build.0 = Release|Any CPU
		{6DA7D522-92A8-4AB9-8615-0432638F9791}.Debug|Any CPU.ActiveCfg = Debug|Any CPU
		{6DA7D522-92A8-4AB9-8615-0432638F9791}.Debug|Any CPU.Build.0 = Debug|Any CPU
		{6DA7D522-92A8-4AB9-8615-0432638F9791}.Release|Any CPU.ActiveCfg = Release|Any CPU
		{6DA7D522-92A8-4AB9-8615-0432638F9791}.Release|Any CPU.Build.0 = Release|Any CPU
		{4BA042D1-AE1A-4732-949A-176285C3EE9D}.Debug|Any CPU.ActiveCfg = Debug|Any CPU
		{4BA042D1-AE1A-4732-949A-176285C3EE9D}.Debug|Any CPU.Build.0 = Debug|Any CPU
		{4BA042D1-AE1A-4732-949A-176285C3EE9D}.Release|Any CPU.ActiveCfg = Release|Any CPU
		{4BA042D1-AE1A-4732-949A-176285C3EE9D}.Release|Any CPU.Build.0 = Release|Any CPU
		{D36A8163-1561-4956-949D-BF70A8DC1891}.Debug|Any CPU.ActiveCfg = Debug|Any CPU
		{D36A8163-1561-4956-949D-BF70A8DC1891}.Debug|Any CPU.Build.0 = Debug|Any CPU
		{D36A8163-1561-4956-949D-BF70A8DC1891}.Release|Any CPU.ActiveCfg = Release|Any CPU
		{D36A8163-1561-4956-949D-BF70A8DC1891}.Release|Any CPU.Build.0 = Release|Any CPU
		{77712799-343D-46AC-83C1-04D086D5E0AA}.Debug|Any CPU.ActiveCfg = Debug|Any CPU
		{77712799-343D-46AC-83C1-04D086D5E0AA}.Debug|Any CPU.Build.0 = Debug|Any CPU
		{77712799-343D-46AC-83C1-04D086D5E0AA}.Release|Any CPU.ActiveCfg = Release|Any CPU
		{77712799-343D-46AC-83C1-04D086D5E0AA}.Release|Any CPU.Build.0 = Release|Any CPU
		{11E5E90B-F91C-4EC7-8775-B2B05E1515BD}.Debug|Any CPU.ActiveCfg = Debug|Any CPU
		{11E5E90B-F91C-4EC7-8775-B2B05E1515BD}.Debug|Any CPU.Build.0 = Debug|Any CPU
		{11E5E90B-F91C-4EC7-8775-B2B05E1515BD}.Release|Any CPU.ActiveCfg = Release|Any CPU
		{11E5E90B-F91C-4EC7-8775-B2B05E1515BD}.Release|Any CPU.Build.0 = Release|Any CPU
		{D1008A0C-821F-41C6-9ED2-2C2FDC9DBE35}.Debug|Any CPU.ActiveCfg = Debug|Any CPU
		{D1008A0C-821F-41C6-9ED2-2C2FDC9DBE35}.Debug|Any CPU.Build.0 = Debug|Any CPU
		{D1008A0C-821F-41C6-9ED2-2C2FDC9DBE35}.Release|Any CPU.ActiveCfg = Release|Any CPU
		{D1008A0C-821F-41C6-9ED2-2C2FDC9DBE35}.Release|Any CPU.Build.0 = Release|Any CPU
		{8F26060B-330A-4ABE-A925-C88E64740E28}.Debug|Any CPU.ActiveCfg = Debug|Any CPU
		{8F26060B-330A-4ABE-A925-C88E64740E28}.Debug|Any CPU.Build.0 = Debug|Any CPU
		{8F26060B-330A-4ABE-A925-C88E64740E28}.Release|Any CPU.ActiveCfg = Release|Any CPU
		{8F26060B-330A-4ABE-A925-C88E64740E28}.Release|Any CPU.Build.0 = Release|Any CPU
	EndGlobalSection
	GlobalSection(SolutionProperties) = preSolution
		HideSolutionNode = FALSE
	EndGlobalSection
	GlobalSection(NestedProjects) = preSolution
		{C78F22DD-FF48-4211-96A3-11467D4B5F1A} = {8C27BAD3-2621-438F-BE15-8B40E9C8DEB2}
		{B6AA30C4-719A-4A6F-B9DF-D8F7158C1A9D} = {8C27BAD3-2621-438F-BE15-8B40E9C8DEB2}
		{1A5FFAB6-4800-43B4-BEF3-7AB97C92FCC7} = {8C27BAD3-2621-438F-BE15-8B40E9C8DEB2}
		{F93BA336-CC38-4DE5-A0EE-1D10CAB7B1B7} = {8C27BAD3-2621-438F-BE15-8B40E9C8DEB2}
		{69FB8B9E-8818-420B-B1EC-2C819BF125E2} = {82DEC806-4A03-4B29-95F0-9CC23367271F}
		{B0E773B1-9890-42C5-913A-482FC91C2498} = {82DEC806-4A03-4B29-95F0-9CC23367271F}
		{E9653691-55B9-4D93-A119-F4036543DCFA} = {8C27BAD3-2621-438F-BE15-8B40E9C8DEB2}
		{D138C8DD-8294-4D6D-8414-C75507D6FAA2} = {8C27BAD3-2621-438F-BE15-8B40E9C8DEB2}
		{A2BB00CC-4007-4A63-A254-4DD436B67BDA} = {82DEC806-4A03-4B29-95F0-9CC23367271F}
		{6DA7D522-92A8-4AB9-8615-0432638F9791} = {82DEC806-4A03-4B29-95F0-9CC23367271F}
		{4BA042D1-AE1A-4732-949A-176285C3EE9D} = {8C27BAD3-2621-438F-BE15-8B40E9C8DEB2}
		{D36A8163-1561-4956-949D-BF70A8DC1891} = {82DEC806-4A03-4B29-95F0-9CC23367271F}
		{77712799-343D-46AC-83C1-04D086D5E0AA} = {82DEC806-4A03-4B29-95F0-9CC23367271F}
		{11E5E90B-F91C-4EC7-8775-B2B05E1515BD} = {8C27BAD3-2621-438F-BE15-8B40E9C8DEB2}
		{D1008A0C-821F-41C6-9ED2-2C2FDC9DBE35} = {8C27BAD3-2621-438F-BE15-8B40E9C8DEB2}
		{8F26060B-330A-4ABE-A925-C88E64740E28} = {82DEC806-4A03-4B29-95F0-9CC23367271F}
	EndGlobalSection
	GlobalSection(ExtensibilityGlobals) = postSolution
		SolutionGuid = {B80F8156-7A2F-4AEB-B9BE-2FEAE9AC8F6E}
	EndGlobalSection
EndGlobal
